
Microsoft Visual Studio Solution File, Format Version 12.00
# Visual Studio 15
VisualStudioVersion = 15.0.28307.539
MinimumVisualStudioVersion = 10.0.40219.1
Project("{8BC9CEB8-8B4A-11D0-8D11-00A0C91BC942}") = "Project1", "Project1\Project1.vcxproj", "{DA996AAE-B564-46B2-BCC2-0DD257E9CEC6}"
EndProject
Global
	GlobalSection(SolutionConfigurationPlatforms) = preSolution
		Debug|x64 = Debug|x64
		Debug|x86 = Debug|x86
		Release|x64 = Release|x64
		Release|x86 = Release|x86
	EndGlobalSection
	GlobalSection(ProjectConfigurationPlatforms) = postSolution
		{DA996AAE-B564-46B2-BCC2-0DD257E9CEC6}.Debug|x64.ActiveCfg = Debug|x64
		{DA996AAE-B564-46B2-BCC2-0DD257E9CEC6}.Debug|x64.Build.0 = Debug|x64
		{DA996AAE-B564-46B2-BCC2-0DD257E9CEC6}.Debug|x86.ActiveCfg = Debug|Win32
		{DA996AAE-B564-46B2-BCC2-0DD257E9CEC6}.Debug|x86.Build.0 = Debug|Win32
		{DA996AAE-B564-46B2-BCC2-0DD257E9CEC6}.Release|x64.ActiveCfg = Release|x64
		{DA996AAE-B564-46B2-BCC2-0DD257E9CEC6}.Release|x64.Build.0 = Release|x64
		{DA996AAE-B564-46B2-BCC2-0DD257E9CEC6}.Release|x86.ActiveCfg = Release|Win32
		{DA996AAE-B564-46B2-BCC2-0DD257E9CEC6}.Release|x86.Build.0 = Release|Win32
	EndGlobalSection
	GlobalSection(SolutionProperties) = preSolution
		HideSolutionNode = FALSE
	EndGlobalSection
	GlobalSection(ExtensibilityGlobals) = postSolution
		SolutionGuid = {FCE1B6E8-7942-4D6C-9FF0-53D35AD36053}
	EndGlobalSection
EndGlobal
